
Microsoft Visual Studio Solution File, Format Version 12.00
# Visual Studio 2013
VisualStudioVersion = 12.0.21005.1
MinimumVisualStudioVersion = 10.0.40219.1
Project("{8BC9CEB8-8B4A-11D0-8D11-00A0C91BC942}") = "ch01-Window", "ch01-Window\ch01-Window.vcxproj", "{28DA499D-9F97-4E65-A8FD-760A757CD6B8}"
EndProject
Project("{8BC9CEB8-8B4A-11D0-8D11-00A0C91BC942}") = "ch02-Triangle", "ch02-Triangle\ch02-Triangle.vcxproj", "{B7C186FB-1B69-4BE5-ABE7-C40EC0B19336}"
EndProject
Project("{8BC9CEB8-8B4A-11D0-8D11-00A0C91BC942}") = "ch03-Grey-Filter", "ch03-Grey-Filter\ch03-Grey-Filter.vcxproj", "{68511936-5526-4174-AFCE-AEB548571384}"
EndProject
Project("{8BC9CEB8-8B4A-11D0-8D11-00A0C91BC942}") = "ch04-Transform-Cube", "ch04-Transform-Cube\ch04-Transform-Cube.vcxproj", "{20B065AC-0E9C-452B-8BB8-66EA19C5033C}"
EndProject
Project("{8BC9CEB8-8B4A-11D0-8D11-00A0C91BC942}") = "ch05-Phong", "ch05-Phong\ch05-Phong.vcxproj", "{7FBD18AD-BE4F-480C-B5BD-664419341D6A}"
EndProject
Project("{8BC9CEB8-8B4A-11D0-8D11-00A0C91BC942}") = "ch06-Texture-Cube", "ch06-Texture-Cube\ch06-Texture-Cube.vcxproj", "{88F85394-B972-4795-A740-6EBB8B4A933D}"
EndProject
Project("{8BC9CEB8-8B4A-11D0-8D11-00A0C91BC942}") = "ch07-Normal-Mapping", "ch07-Normal-Mapping\ch07-Normal-Mapping.vcxproj", "{24F526DE-1EE9-41A9-BAD2-7A00F7ED1660}"
EndProject
Project("{8BC9CEB8-8B4A-11D0-8D11-00A0C91BC942}") = "ch08-Cube-Mapping", "ch08-Cube-Mapping\ch08-Cube-Mapping.vcxproj", "{6E3C1FC3-BCC6-45C8-9190-B816B4F0A499}"
EndProject
Project("{8BC9CEB8-8B4A-11D0-8D11-00A0C91BC942}") = "ch09-GPU-Particles", "ch09-GPU-Particles\ch09-GPU-Particles.vcxproj", "{DD30388B-3AD8-4998-B19F-3BA7FDBBA443}"
EndProject
Project("{8BC9CEB8-8B4A-11D0-8D11-00A0C91BC942}") = "ch10-Geometry-Shader", "ch10-Geometry-Shader\ch10-Geometry-Shader.vcxproj", "{F5F72D5B-7055-48B8-BDB0-0B4656C90D1F}"
EndProject
Project("{8BC9CEB8-8B4A-11D0-8D11-00A0C91BC942}") = "ch11-Reflection-Refraction", "ch11-Reflection-Refraction\ch11-Reflection-Refraction.vcxproj", "{E2A8AA23-20A6-4997-952C-F36F51699486}"
EndProject
Project("{8BC9CEB8-8B4A-11D0-8D11-00A0C91BC942}") = "ch12-Shadow-Mapping", "ch12-Shadow-Mapping\ch12-Shadow-Mapping.vcxproj", "{5A0FEDFF-A526-4641-85FB-42BBAE4C08ED}"
EndProject
Project("{8BC9CEB8-8B4A-11D0-8D11-00A0C91BC942}") = "ch13-Tessellation", "ch13-Tessellation\ch13-Tessellation.vcxproj", "{6E469ACC-D34D-4E93-BFA6-C9D2E9EA2222}"
EndProject
Project("{8BC9CEB8-8B4A-11D0-8D11-00A0C91BC942}") = "ch14-Terrain", "ch14-Terrain\ch14-Terrain.vcxproj", "{2BAF0A05-2580-40CD-BF3A-819454B7F8EA}"
EndProject
Project("{8BC9CEB8-8B4A-11D0-8D11-00A0C91BC942}") = "ch15-Water", "ch15-Water\ch15-Water.vcxproj", "{E11DFF14-E7C5-441D-AC98-619166AE2C42}"
EndProject
Project("{8BC9CEB8-8B4A-11D0-8D11-00A0C91BC942}") = "ch16-Model-Loading", "ch16-Model-Loading\ch16-Model-Loading.vcxproj", "{D790E55E-45B3-4AD8-8CB0-F2C2026776AE}"
EndProject
Project("{2150E333-8FDC-42A3-9474-1A3956D46DE8}") = "Ch01-10", "Ch01-10", "{4DA0FA01-C4A9-4D5B-BDA5-8FB62EECFE83}"
EndProject
Project("{2150E333-8FDC-42A3-9474-1A3956D46DE8}") = "Ch11-20", "Ch11-20", "{6AE59088-F6D9-4C32-BCAC-79E3218F52F1}"
EndProject
Project("{8BC9CEB8-8B4A-11D0-8D11-00A0C91BC942}") = "ch17-Clipping-Planes", "ch17-Clipping-Planes\ch17-Clipping-Planes.vcxproj", "{92491520-1638-44B9-A9F5-17E4C857E953}"
EndProject
Project("{8BC9CEB8-8B4A-11D0-8D11-00A0C91BC942}") = "ch18-Stencil-Buffer", "ch18-Stencil-Buffer\ch18-Stencil-Buffer.vcxproj", "{8EFB8696-19F7-487E-AF5E-36DB7AE1E286}"
EndProject
Project("{8BC9CEB8-8B4A-11D0-8D11-00A0C91BC942}") = "ch19-Render-To-Texture", "ch19-Render-To-Texture\ch19-Render-To-Texture.vcxproj", "{D8905092-D5E0-42D4-B568-D6C15792CC46}"
EndProject
Project("{8BC9CEB8-8B4A-11D0-8D11-00A0C91BC942}") = "ch20-Blend", "ch20-Blend\ch20-Blend.vcxproj", "{7E7EC168-DE02-4E75-B52B-3847617E8E30}"
EndProject
Project("{2150E333-8FDC-42A3-9474-1A3956D46DE8}") = "Ch21-30", "Ch21-30", "{B909788E-39FF-4763-915E-95AF8E869078}"
EndProject
Project("{8BC9CEB8-8B4A-11D0-8D11-00A0C91BC942}") = "ch21-Compute-Shader", "ch21-Compute-Shader\ch21-Compute-Shader.vcxproj", "{A20BE03E-5143-4D31-B070-DB66FA048B5B}"
EndProject
Project("{8BC9CEB8-8B4A-11D0-8D11-00A0C91BC942}") = "ch22-Shaow-Volumes", "ch22-Shaow-Volumes\ch22-Shaow-Volumes.vcxproj", "{14C9D9C4-8681-42C7-9DF9-9984CD7011EA}"
EndProject
Project("{8BC9CEB8-8B4A-11D0-8D11-00A0C91BC942}") = "ch23-Displacement-Mapping", "ch23-Displacement-Mapping\ch23-Displacement-Mapping.vcxproj", "{C992B272-AF83-41EA-8AF2-8BBED7F65F8E}"
EndProject
Project("{8BC9CEB8-8B4A-11D0-8D11-00A0C91BC942}") = "ch24-Noise-Erode", "ch24-Noise-Erode\ch24-Noise-Erode.vcxproj", "{D1A56D3B-8500-4293-AC1B-A18FF31D7F76}"
EndProject
Project("{8BC9CEB8-8B4A-11D0-8D11-00A0C91BC942}") = "ch25-Model-Materials", "ch25-Model-Materials\ch25-Model-Materials.vcxproj", "{6254ABD2-FDF6-427C-8AD5-ABC08AC30F3F}"
EndProject
Project("{8BC9CEB8-8B4A-11D0-8D11-00A0C91BC942}") = "ch26-Fur", "ch26-Fur\ch26-Fur.vcxproj", "{57B8D751-AA50-4D1B-A785-444162F319B2}"
EndProject
Project("{8BC9CEB8-8B4A-11D0-8D11-00A0C91BC942}") = "ch27-Shadow-Mapping", "ch27-Shadow-Mapping\ch27-Shadow-Mapping.vcxproj", "{FC630C0C-7D97-45F9-811E-B4EBBD237BF7}"
EndProject
Project("{8BC9CEB8-8B4A-11D0-8D11-00A0C91BC942}") = "ch28-SSAO", "ch28-SSAO\ch28-SSAO.vcxproj", "{BBF1F5FA-D934-47F0-85C6-B496B4964C9B}"
EndProject
Project("{8BC9CEB8-8B4A-11D0-8D11-00A0C91BC942}") = "ch29-CPU-RayTracing", "ch29-CPU-RayTracing\ch29-CPU-RayTracing.vcxproj", "{0013305D-FDC3-45BD-9AB1-DC90FB173E35}"
EndProject
Project("{8BC9CEB8-8B4A-11D0-8D11-00A0C91BC942}") = "ch30-GPU-RayTracing", "ch30-GPU-RayTracing\ch30-GPU-RayTracing.vcxproj", "{7DCCC204-ABB8-44B5-871B-88541AA2969C}"
EndProject
Project("{2150E333-8FDC-42A3-9474-1A3956D46DE8}") = "Ch31-40", "Ch31-40", "{3DC568BA-A74A-4D4D-89DE-0844F15E1B28}"
EndProject
Project("{8BC9CEB8-8B4A-11D0-8D11-00A0C91BC942}") = "ch31-Deferred-Shading", "ch31-Deferred-Shading\ch31-Deferred-Shading.vcxproj", "{F5031733-D84C-45B5-A2FB-7F9134D0EC4E}"
EndProject
Project("{8BC9CEB8-8B4A-11D0-8D11-00A0C91BC942}") = "ch32-BDRF-IBL", "ch32-BDRF-IBL\ch32-BDRF-IBL.vcxproj", "{76DEDA96-5350-4870-BA98-EDCB8D61B503}"
EndProject
Project("{8BC9CEB8-8B4A-11D0-8D11-00A0C91BC942}") = "ch33-Real-Time-BDRF", "ch33-Real-Time-BDRF\ch33-Real-Time-BDRF.vcxproj", "{3AA34354-7D39-4658-8692-20800615CAEE}"
EndProject
Project("{8BC9CEB8-8B4A-11D0-8D11-00A0C91BC942}") = "ch34-Subsurface-Scattering", "ch34-Subsurface-Scattering\ch34-Subsurface-Scattering.vcxproj", "{ED845418-B94C-43A5-84C7-F8E6951C1351}"
EndProject
Project("{8BC9CEB8-8B4A-11D0-8D11-00A0C91BC942}") = "ch35-OIT-Depth-Peeling", "ch35-OIT-Depth-Peeling\ch35-OIT-Depth-Peeling.vcxproj", "{C586AFE1-A857-4F01-9F0D-CA48961C849B}"
EndProject
Project("{8BC9CEB8-8B4A-11D0-8D11-00A0C91BC942}") = "ch36-OIT-Lined-List", "ch36-OIT-Lined-List\ch36-OIT-Lined-List.vcxproj", "{0CA87E16-2FAB-4DD0-BD5E-86B5F7E92B64}"
EndProject
Project("{8BC9CEB8-8B4A-11D0-8D11-00A0C91BC942}") = "ch37-CPU-Ray-Marching", "ch37-CPU-Ray-Marching\ch37-CPU-Ray-Marching.vcxproj", "{46353124-052E-4574-976A-E2FA1441835F}"
EndProject
Project("{8BC9CEB8-8B4A-11D0-8D11-00A0C91BC942}") = "ch38-Separable-Program", "ch38-Separable-Program\ch38-Separable-Program.vcxproj", "{D9CA157F-259A-4239-885F-C18ED0D027FD}"
EndProject
Project("{8BC9CEB8-8B4A-11D0-8D11-00A0C91BC942}") = "ch39-Shader-Subroutines", "ch39-Shader-Subroutines\ch39-Shader-Subroutines.vcxproj", "{38A86B8B-D465-4FC2-9AC4-C257EB21D519}"
EndProject
Project("{8BC9CEB8-8B4A-11D0-8D11-00A0C91BC942}") = "ch40-Cloth-Simulation", "ch40-Cloth-Simulation\ch40-Cloth-Simulation.vcxproj", "{D1FC8635-137B-4DE9-BE3A-17BE8A954565}"
EndProject
Project("{2150E333-8FDC-42A3-9474-1A3956D46DE8}") = "Ch41-44", "Ch41-44", "{DA598435-16B6-47FC-9EED-FE711C431D58}"
EndProject
Project("{8BC9CEB8-8B4A-11D0-8D11-00A0C91BC942}") = "ch41-Ocean-Wave-FFT", "ch41-Ocean-Wave-FFT\ch41-Ocean-Wave-FFT.vcxproj", "{63411AA9-1D7A-4718-8882-FE7ACEF330F4}"
EndProject
Project("{8BC9CEB8-8B4A-11D0-8D11-00A0C91BC942}") = "ch42-FXAA", "ch42-FXAA\ch42-FXAA.vcxproj", "{0C8D9DF4-5D58-4EC0-9B89-D1E26FA78396}"
EndProject
Project("{8BC9CEB8-8B4A-11D0-8D11-00A0C91BC942}") = "ch43-Scene-Groups", "ch43-Scene-Groups\ch43-Scene-Groups.vcxproj", "{4BE09FB5-2F45-4121-9F07-36E40D5C54B0}"
EndProject
Project("{8BC9CEB8-8B4A-11D0-8D11-00A0C91BC942}") = "ch44-Conservative-Rasterization", "ch44-Conservative-Rasterization\ch44-Conservative-Rasterization.vcxproj", "{E3A0462E-2F54-4EA2-9726-F69873BF9046}"
EndProject
Global
	GlobalSection(SolutionConfigurationPlatforms) = preSolution
		Debug|Win32 = Debug|Win32
		Release|Win32 = Release|Win32
	EndGlobalSection
	GlobalSection(ProjectConfigurationPlatforms) = postSolution
		{28DA499D-9F97-4E65-A8FD-760A757CD6B8}.Debug|Win32.ActiveCfg = Debug|Win32
		{28DA499D-9F97-4E65-A8FD-760A757CD6B8}.Debug|Win32.Build.0 = Debug|Win32
		{28DA499D-9F97-4E65-A8FD-760A757CD6B8}.Release|Win32.ActiveCfg = Release|Win32
		{28DA499D-9F97-4E65-A8FD-760A757CD6B8}.Release|Win32.Build.0 = Release|Win32
		{B7C186FB-1B69-4BE5-ABE7-C40EC0B19336}.Debug|Win32.ActiveCfg = Debug|Win32
		{B7C186FB-1B69-4BE5-ABE7-C40EC0B19336}.Debug|Win32.Build.0 = Debug|Win32
		{B7C186FB-1B69-4BE5-ABE7-C40EC0B19336}.Release|Win32.ActiveCfg = Release|Win32
		{B7C186FB-1B69-4BE5-ABE7-C40EC0B19336}.Release|Win32.Build.0 = Release|Win32
		{68511936-5526-4174-AFCE-AEB548571384}.Debug|Win32.ActiveCfg = Debug|Win32
		{68511936-5526-4174-AFCE-AEB548571384}.Debug|Win32.Build.0 = Debug|Win32
		{68511936-5526-4174-AFCE-AEB548571384}.Release|Win32.ActiveCfg = Release|Win32
		{68511936-5526-4174-AFCE-AEB548571384}.Release|Win32.Build.0 = Release|Win32
		{20B065AC-0E9C-452B-8BB8-66EA19C5033C}.Debug|Win32.ActiveCfg = Debug|Win32
		{20B065AC-0E9C-452B-8BB8-66EA19C5033C}.Debug|Win32.Build.0 = Debug|Win32
		{20B065AC-0E9C-452B-8BB8-66EA19C5033C}.Release|Win32.ActiveCfg = Release|Win32
		{20B065AC-0E9C-452B-8BB8-66EA19C5033C}.Release|Win32.Build.0 = Release|Win32
		{7FBD18AD-BE4F-480C-B5BD-664419341D6A}.Debug|Win32.ActiveCfg = Debug|Win32
		{7FBD18AD-BE4F-480C-B5BD-664419341D6A}.Debug|Win32.Build.0 = Debug|Win32
		{7FBD18AD-BE4F-480C-B5BD-664419341D6A}.Release|Win32.ActiveCfg = Release|Win32
		{7FBD18AD-BE4F-480C-B5BD-664419341D6A}.Release|Win32.Build.0 = Release|Win32
		{88F85394-B972-4795-A740-6EBB8B4A933D}.Debug|Win32.ActiveCfg = Debug|Win32
		{88F85394-B972-4795-A740-6EBB8B4A933D}.Debug|Win32.Build.0 = Debug|Win32
		{88F85394-B972-4795-A740-6EBB8B4A933D}.Release|Win32.ActiveCfg = Release|Win32
		{88F85394-B972-4795-A740-6EBB8B4A933D}.Release|Win32.Build.0 = Release|Win32
		{24F526DE-1EE9-41A9-BAD2-7A00F7ED1660}.Debug|Win32.ActiveCfg = Debug|Win32
		{24F526DE-1EE9-41A9-BAD2-7A00F7ED1660}.Debug|Win32.Build.0 = Debug|Win32
		{24F526DE-1EE9-41A9-BAD2-7A00F7ED1660}.Release|Win32.ActiveCfg = Release|Win32
		{24F526DE-1EE9-41A9-BAD2-7A00F7ED1660}.Release|Win32.Build.0 = Release|Win32
		{6E3C1FC3-BCC6-45C8-9190-B816B4F0A499}.Debug|Win32.ActiveCfg = Debug|Win32
		{6E3C1FC3-BCC6-45C8-9190-B816B4F0A499}.Debug|Win32.Build.0 = Debug|Win32
		{6E3C1FC3-BCC6-45C8-9190-B816B4F0A499}.Release|Win32.ActiveCfg = Release|Win32
		{6E3C1FC3-BCC6-45C8-9190-B816B4F0A499}.Release|Win32.Build.0 = Release|Win32
		{DD30388B-3AD8-4998-B19F-3BA7FDBBA443}.Debug|Win32.ActiveCfg = Debug|Win32
		{DD30388B-3AD8-4998-B19F-3BA7FDBBA443}.Debug|Win32.Build.0 = Debug|Win32
		{DD30388B-3AD8-4998-B19F-3BA7FDBBA443}.Release|Win32.ActiveCfg = Release|Win32
		{DD30388B-3AD8-4998-B19F-3BA7FDBBA443}.Release|Win32.Build.0 = Release|Win32
		{F5F72D5B-7055-48B8-BDB0-0B4656C90D1F}.Debug|Win32.ActiveCfg = Debug|Win32
		{F5F72D5B-7055-48B8-BDB0-0B4656C90D1F}.Debug|Win32.Build.0 = Debug|Win32
		{F5F72D5B-7055-48B8-BDB0-0B4656C90D1F}.Release|Win32.ActiveCfg = Release|Win32
		{F5F72D5B-7055-48B8-BDB0-0B4656C90D1F}.Release|Win32.Build.0 = Release|Win32
		{E2A8AA23-20A6-4997-952C-F36F51699486}.Debug|Win32.ActiveCfg = Debug|Win32
		{E2A8AA23-20A6-4997-952C-F36F51699486}.Debug|Win32.Build.0 = Debug|Win32
		{E2A8AA23-20A6-4997-952C-F36F51699486}.Release|Win32.ActiveCfg = Release|Win32
		{E2A8AA23-20A6-4997-952C-F36F51699486}.Release|Win32.Build.0 = Release|Win32
		{5A0FEDFF-A526-4641-85FB-42BBAE4C08ED}.Debug|Win32.ActiveCfg = Debug|Win32
		{5A0FEDFF-A526-4641-85FB-42BBAE4C08ED}.Debug|Win32.Build.0 = Debug|Win32
		{5A0FEDFF-A526-4641-85FB-42BBAE4C08ED}.Release|Win32.ActiveCfg = Release|Win32
		{5A0FEDFF-A526-4641-85FB-42BBAE4C08ED}.Release|Win32.Build.0 = Release|Win32
		{6E469ACC-D34D-4E93-BFA6-C9D2E9EA2222}.Debug|Win32.ActiveCfg = Debug|Win32
		{6E469ACC-D34D-4E93-BFA6-C9D2E9EA2222}.Debug|Win32.Build.0 = Debug|Win32
		{6E469ACC-D34D-4E93-BFA6-C9D2E9EA2222}.Release|Win32.ActiveCfg = Release|Win32
		{6E469ACC-D34D-4E93-BFA6-C9D2E9EA2222}.Release|Win32.Build.0 = Release|Win32
		{2BAF0A05-2580-40CD-BF3A-819454B7F8EA}.Debug|Win32.ActiveCfg = Debug|Win32
		{2BAF0A05-2580-40CD-BF3A-819454B7F8EA}.Debug|Win32.Build.0 = Debug|Win32
		{2BAF0A05-2580-40CD-BF3A-819454B7F8EA}.Release|Win32.ActiveCfg = Release|Win32
		{2BAF0A05-2580-40CD-BF3A-819454B7F8EA}.Release|Win32.Build.0 = Release|Win32
		{E11DFF14-E7C5-441D-AC98-619166AE2C42}.Debug|Win32.ActiveCfg = Debug|Win32
		{E11DFF14-E7C5-441D-AC98-619166AE2C42}.Debug|Win32.Build.0 = Debug|Win32
		{E11DFF14-E7C5-441D-AC98-619166AE2C42}.Release|Win32.ActiveCfg = Release|Win32
		{E11DFF14-E7C5-441D-AC98-619166AE2C42}.Release|Win32.Build.0 = Release|Win32
		{D790E55E-45B3-4AD8-8CB0-F2C2026776AE}.Debug|Win32.ActiveCfg = Debug|Win32
		{D790E55E-45B3-4AD8-8CB0-F2C2026776AE}.Debug|Win32.Build.0 = Debug|Win32
		{D790E55E-45B3-4AD8-8CB0-F2C2026776AE}.Release|Win32.ActiveCfg = Release|Win32
		{D790E55E-45B3-4AD8-8CB0-F2C2026776AE}.Release|Win32.Build.0 = Release|Win32
		{92491520-1638-44B9-A9F5-17E4C857E953}.Debug|Win32.ActiveCfg = Debug|Win32
		{92491520-1638-44B9-A9F5-17E4C857E953}.Debug|Win32.Build.0 = Debug|Win32
		{92491520-1638-44B9-A9F5-17E4C857E953}.Release|Win32.ActiveCfg = Release|Win32
		{92491520-1638-44B9-A9F5-17E4C857E953}.Release|Win32.Build.0 = Release|Win32
		{8EFB8696-19F7-487E-AF5E-36DB7AE1E286}.Debug|Win32.ActiveCfg = Debug|Win32
		{8EFB8696-19F7-487E-AF5E-36DB7AE1E286}.Debug|Win32.Build.0 = Debug|Win32
		{8EFB8696-19F7-487E-AF5E-36DB7AE1E286}.Release|Win32.ActiveCfg = Release|Win32
		{8EFB8696-19F7-487E-AF5E-36DB7AE1E286}.Release|Win32.Build.0 = Release|Win32
		{D8905092-D5E0-42D4-B568-D6C15792CC46}.Debug|Win32.ActiveCfg = Debug|Win32
		{D8905092-D5E0-42D4-B568-D6C15792CC46}.Debug|Win32.Build.0 = Debug|Win32
		{D8905092-D5E0-42D4-B568-D6C15792CC46}.Release|Win32.ActiveCfg = Release|Win32
		{D8905092-D5E0-42D4-B568-D6C15792CC46}.Release|Win32.Build.0 = Release|Win32
		{7E7EC168-DE02-4E75-B52B-3847617E8E30}.Debug|Win32.ActiveCfg = Debug|Win32
		{7E7EC168-DE02-4E75-B52B-3847617E8E30}.Debug|Win32.Build.0 = Debug|Win32
		{7E7EC168-DE02-4E75-B52B-3847617E8E30}.Release|Win32.ActiveCfg = Release|Win32
		{7E7EC168-DE02-4E75-B52B-3847617E8E30}.Release|Win32.Build.0 = Release|Win32
		{A20BE03E-5143-4D31-B070-DB66FA048B5B}.Debug|Win32.ActiveCfg = Debug|Win32
		{A20BE03E-5143-4D31-B070-DB66FA048B5B}.Debug|Win32.Build.0 = Debug|Win32
		{A20BE03E-5143-4D31-B070-DB66FA048B5B}.Release|Win32.ActiveCfg = Release|Win32
		{A20BE03E-5143-4D31-B070-DB66FA048B5B}.Release|Win32.Build.0 = Release|Win32
		{14C9D9C4-8681-42C7-9DF9-9984CD7011EA}.Debug|Win32.ActiveCfg = Debug|Win32
		{14C9D9C4-8681-42C7-9DF9-9984CD7011EA}.Debug|Win32.Build.0 = Debug|Win32
		{14C9D9C4-8681-42C7-9DF9-9984CD7011EA}.Release|Win32.ActiveCfg = Release|Win32
		{14C9D9C4-8681-42C7-9DF9-9984CD7011EA}.Release|Win32.Build.0 = Release|Win32
		{C992B272-AF83-41EA-8AF2-8BBED7F65F8E}.Debug|Win32.ActiveCfg = Debug|Win32
		{C992B272-AF83-41EA-8AF2-8BBED7F65F8E}.Debug|Win32.Build.0 = Debug|Win32
		{C992B272-AF83-41EA-8AF2-8BBED7F65F8E}.Release|Win32.ActiveCfg = Release|Win32
		{C992B272-AF83-41EA-8AF2-8BBED7F65F8E}.Release|Win32.Build.0 = Release|Win32
		{D1A56D3B-8500-4293-AC1B-A18FF31D7F76}.Debug|Win32.ActiveCfg = Debug|Win32
		{D1A56D3B-8500-4293-AC1B-A18FF31D7F76}.Debug|Win32.Build.0 = Debug|Win32
		{D1A56D3B-8500-4293-AC1B-A18FF31D7F76}.Release|Win32.ActiveCfg = Release|Win32
		{D1A56D3B-8500-4293-AC1B-A18FF31D7F76}.Release|Win32.Build.0 = Release|Win32
		{6254ABD2-FDF6-427C-8AD5-ABC08AC30F3F}.Debug|Win32.ActiveCfg = Debug|Win32
		{6254ABD2-FDF6-427C-8AD5-ABC08AC30F3F}.Debug|Win32.Build.0 = Debug|Win32
		{6254ABD2-FDF6-427C-8AD5-ABC08AC30F3F}.Release|Win32.ActiveCfg = Release|Win32
		{6254ABD2-FDF6-427C-8AD5-ABC08AC30F3F}.Release|Win32.Build.0 = Release|Win32
		{57B8D751-AA50-4D1B-A785-444162F319B2}.Debug|Win32.ActiveCfg = Debug|Win32
		{57B8D751-AA50-4D1B-A785-444162F319B2}.Debug|Win32.Build.0 = Debug|Win32
		{57B8D751-AA50-4D1B-A785-444162F319B2}.Release|Win32.ActiveCfg = Release|Win32
		{57B8D751-AA50-4D1B-A785-444162F319B2}.Release|Win32.Build.0 = Release|Win32
		{FC630C0C-7D97-45F9-811E-B4EBBD237BF7}.Debug|Win32.ActiveCfg = Debug|Win32
		{FC630C0C-7D97-45F9-811E-B4EBBD237BF7}.Debug|Win32.Build.0 = Debug|Win32
		{FC630C0C-7D97-45F9-811E-B4EBBD237BF7}.Release|Win32.ActiveCfg = Release|Win32
		{FC630C0C-7D97-45F9-811E-B4EBBD237BF7}.Release|Win32.Build.0 = Release|Win32
		{BBF1F5FA-D934-47F0-85C6-B496B4964C9B}.Debug|Win32.ActiveCfg = Debug|Win32
		{BBF1F5FA-D934-47F0-85C6-B496B4964C9B}.Debug|Win32.Build.0 = Debug|Win32
		{BBF1F5FA-D934-47F0-85C6-B496B4964C9B}.Release|Win32.ActiveCfg = Release|Win32
		{BBF1F5FA-D934-47F0-85C6-B496B4964C9B}.Release|Win32.Build.0 = Release|Win32
		{0013305D-FDC3-45BD-9AB1-DC90FB173E35}.Debug|Win32.ActiveCfg = Debug|Win32
		{0013305D-FDC3-45BD-9AB1-DC90FB173E35}.Debug|Win32.Build.0 = Debug|Win32
		{0013305D-FDC3-45BD-9AB1-DC90FB173E35}.Release|Win32.ActiveCfg = Release|Win32
		{0013305D-FDC3-45BD-9AB1-DC90FB173E35}.Release|Win32.Build.0 = Release|Win32
		{7DCCC204-ABB8-44B5-871B-88541AA2969C}.Debug|Win32.ActiveCfg = Debug|Win32
		{7DCCC204-ABB8-44B5-871B-88541AA2969C}.Debug|Win32.Build.0 = Debug|Win32
		{7DCCC204-ABB8-44B5-871B-88541AA2969C}.Release|Win32.ActiveCfg = Release|Win32
		{7DCCC204-ABB8-44B5-871B-88541AA2969C}.Release|Win32.Build.0 = Release|Win32
		{F5031733-D84C-45B5-A2FB-7F9134D0EC4E}.Debug|Win32.ActiveCfg = Debug|Win32
		{F5031733-D84C-45B5-A2FB-7F9134D0EC4E}.Debug|Win32.Build.0 = Debug|Win32
		{F5031733-D84C-45B5-A2FB-7F9134D0EC4E}.Release|Win32.ActiveCfg = Release|Win32
		{F5031733-D84C-45B5-A2FB-7F9134D0EC4E}.Release|Win32.Build.0 = Release|Win32
		{76DEDA96-5350-4870-BA98-EDCB8D61B503}.Debug|Win32.ActiveCfg = Debug|Win32
		{76DEDA96-5350-4870-BA98-EDCB8D61B503}.Debug|Win32.Build.0 = Debug|Win32
		{76DEDA96-5350-4870-BA98-EDCB8D61B503}.Release|Win32.ActiveCfg = Release|Win32
		{76DEDA96-5350-4870-BA98-EDCB8D61B503}.Release|Win32.Build.0 = Release|Win32
		{3AA34354-7D39-4658-8692-20800615CAEE}.Debug|Win32.ActiveCfg = Debug|Win32
		{3AA34354-7D39-4658-8692-20800615CAEE}.Debug|Win32.Build.0 = Debug|Win32
		{3AA34354-7D39-4658-8692-20800615CAEE}.Release|Win32.ActiveCfg = Release|Win32
		{3AA34354-7D39-4658-8692-20800615CAEE}.Release|Win32.Build.0 = Release|Win32
		{ED845418-B94C-43A5-84C7-F8E6951C1351}.Debug|Win32.ActiveCfg = Debug|Win32
		{ED845418-B94C-43A5-84C7-F8E6951C1351}.Debug|Win32.Build.0 = Debug|Win32
		{ED845418-B94C-43A5-84C7-F8E6951C1351}.Release|Win32.ActiveCfg = Release|Win32
		{ED845418-B94C-43A5-84C7-F8E6951C1351}.Release|Win32.Build.0 = Release|Win32
		{C586AFE1-A857-4F01-9F0D-CA48961C849B}.Debug|Win32.ActiveCfg = Debug|Win32
		{C586AFE1-A857-4F01-9F0D-CA48961C849B}.Debug|Win32.Build.0 = Debug|Win32
		{C586AFE1-A857-4F01-9F0D-CA48961C849B}.Release|Win32.ActiveCfg = Release|Win32
		{C586AFE1-A857-4F01-9F0D-CA48961C849B}.Release|Win32.Build.0 = Release|Win32
		{0CA87E16-2FAB-4DD0-BD5E-86B5F7E92B64}.Debug|Win32.ActiveCfg = Debug|Win32
		{0CA87E16-2FAB-4DD0-BD5E-86B5F7E92B64}.Debug|Win32.Build.0 = Debug|Win32
		{0CA87E16-2FAB-4DD0-BD5E-86B5F7E92B64}.Release|Win32.ActiveCfg = Release|Win32
		{0CA87E16-2FAB-4DD0-BD5E-86B5F7E92B64}.Release|Win32.Build.0 = Release|Win32
		{46353124-052E-4574-976A-E2FA1441835F}.Debug|Win32.ActiveCfg = Debug|Win32
		{46353124-052E-4574-976A-E2FA1441835F}.Debug|Win32.Build.0 = Debug|Win32
		{46353124-052E-4574-976A-E2FA1441835F}.Release|Win32.ActiveCfg = Release|Win32
		{46353124-052E-4574-976A-E2FA1441835F}.Release|Win32.Build.0 = Release|Win32
		{D9CA157F-259A-4239-885F-C18ED0D027FD}.Debug|Win32.ActiveCfg = Debug|Win32
		{D9CA157F-259A-4239-885F-C18ED0D027FD}.Debug|Win32.Build.0 = Debug|Win32
		{D9CA157F-259A-4239-885F-C18ED0D027FD}.Release|Win32.ActiveCfg = Release|Win32
		{D9CA157F-259A-4239-885F-C18ED0D027FD}.Release|Win32.Build.0 = Release|Win32
		{38A86B8B-D465-4FC2-9AC4-C257EB21D519}.Debug|Win32.ActiveCfg = Debug|Win32
		{38A86B8B-D465-4FC2-9AC4-C257EB21D519}.Debug|Win32.Build.0 = Debug|Win32
		{38A86B8B-D465-4FC2-9AC4-C257EB21D519}.Release|Win32.ActiveCfg = Release|Win32
		{38A86B8B-D465-4FC2-9AC4-C257EB21D519}.Release|Win32.Build.0 = Release|Win32
		{D1FC8635-137B-4DE9-BE3A-17BE8A954565}.Debug|Win32.ActiveCfg = Debug|Win32
		{D1FC8635-137B-4DE9-BE3A-17BE8A954565}.Debug|Win32.Build.0 = Debug|Win32
		{D1FC8635-137B-4DE9-BE3A-17BE8A954565}.Release|Win32.ActiveCfg = Release|Win32
		{D1FC8635-137B-4DE9-BE3A-17BE8A954565}.Release|Win32.Build.0 = Release|Win32
		{63411AA9-1D7A-4718-8882-FE7ACEF330F4}.Debug|Win32.ActiveCfg = Debug|Win32
		{63411AA9-1D7A-4718-8882-FE7ACEF330F4}.Debug|Win32.Build.0 = Debug|Win32
		{63411AA9-1D7A-4718-8882-FE7ACEF330F4}.Release|Win32.ActiveCfg = Release|Win32
		{63411AA9-1D7A-4718-8882-FE7ACEF330F4}.Release|Win32.Build.0 = Release|Win32
		{0C8D9DF4-5D58-4EC0-9B89-D1E26FA78396}.Debug|Win32.ActiveCfg = Debug|Win32
		{0C8D9DF4-5D58-4EC0-9B89-D1E26FA78396}.Debug|Win32.Build.0 = Debug|Win32
		{0C8D9DF4-5D58-4EC0-9B89-D1E26FA78396}.Release|Win32.ActiveCfg = Release|Win32
		{0C8D9DF4-5D58-4EC0-9B89-D1E26FA78396}.Release|Win32.Build.0 = Release|Win32
		{4BE09FB5-2F45-4121-9F07-36E40D5C54B0}.Debug|Win32.ActiveCfg = Debug|Win32
		{4BE09FB5-2F45-4121-9F07-36E40D5C54B0}.Debug|Win32.Build.0 = Debug|Win32
		{4BE09FB5-2F45-4121-9F07-36E40D5C54B0}.Release|Win32.ActiveCfg = Release|Win32
		{4BE09FB5-2F45-4121-9F07-36E40D5C54B0}.Release|Win32.Build.0 = Release|Win32
		{E3A0462E-2F54-4EA2-9726-F69873BF9046}.Debug|Win32.ActiveCfg = Debug|Win32
		{E3A0462E-2F54-4EA2-9726-F69873BF9046}.Debug|Win32.Build.0 = Debug|Win32
		{E3A0462E-2F54-4EA2-9726-F69873BF9046}.Release|Win32.ActiveCfg = Release|Win32
		{E3A0462E-2F54-4EA2-9726-F69873BF9046}.Release|Win32.Build.0 = Release|Win32
	EndGlobalSection
	GlobalSection(SolutionProperties) = preSolution
		HideSolutionNode = FALSE
	EndGlobalSection
	GlobalSection(NestedProjects) = preSolution
		{F5F72D5B-7055-48B8-BDB0-0B4656C90D1F} = {4DA0FA01-C4A9-4D5B-BDA5-8FB62EECFE83}
		{DD30388B-3AD8-4998-B19F-3BA7FDBBA443} = {4DA0FA01-C4A9-4D5B-BDA5-8FB62EECFE83}
		{24F526DE-1EE9-41A9-BAD2-7A00F7ED1660} = {4DA0FA01-C4A9-4D5B-BDA5-8FB62EECFE83}
		{6E3C1FC3-BCC6-45C8-9190-B816B4F0A499} = {4DA0FA01-C4A9-4D5B-BDA5-8FB62EECFE83}
		{7FBD18AD-BE4F-480C-B5BD-664419341D6A} = {4DA0FA01-C4A9-4D5B-BDA5-8FB62EECFE83}
		{88F85394-B972-4795-A740-6EBB8B4A933D} = {4DA0FA01-C4A9-4D5B-BDA5-8FB62EECFE83}
		{20B065AC-0E9C-452B-8BB8-66EA19C5033C} = {4DA0FA01-C4A9-4D5B-BDA5-8FB62EECFE83}
		{B7C186FB-1B69-4BE5-ABE7-C40EC0B19336} = {4DA0FA01-C4A9-4D5B-BDA5-8FB62EECFE83}
		{68511936-5526-4174-AFCE-AEB548571384} = {4DA0FA01-C4A9-4D5B-BDA5-8FB62EECFE83}
		{28DA499D-9F97-4E65-A8FD-760A757CD6B8} = {4DA0FA01-C4A9-4D5B-BDA5-8FB62EECFE83}
		{D790E55E-45B3-4AD8-8CB0-F2C2026776AE} = {6AE59088-F6D9-4C32-BCAC-79E3218F52F1}
		{2BAF0A05-2580-40CD-BF3A-819454B7F8EA} = {6AE59088-F6D9-4C32-BCAC-79E3218F52F1}
		{E11DFF14-E7C5-441D-AC98-619166AE2C42} = {6AE59088-F6D9-4C32-BCAC-79E3218F52F1}
		{5A0FEDFF-A526-4641-85FB-42BBAE4C08ED} = {6AE59088-F6D9-4C32-BCAC-79E3218F52F1}
		{6E469ACC-D34D-4E93-BFA6-C9D2E9EA2222} = {6AE59088-F6D9-4C32-BCAC-79E3218F52F1}
		{E2A8AA23-20A6-4997-952C-F36F51699486} = {6AE59088-F6D9-4C32-BCAC-79E3218F52F1}
		{92491520-1638-44B9-A9F5-17E4C857E953} = {6AE59088-F6D9-4C32-BCAC-79E3218F52F1}
		{8EFB8696-19F7-487E-AF5E-36DB7AE1E286} = {6AE59088-F6D9-4C32-BCAC-79E3218F52F1}
		{D8905092-D5E0-42D4-B568-D6C15792CC46} = {6AE59088-F6D9-4C32-BCAC-79E3218F52F1}
		{7E7EC168-DE02-4E75-B52B-3847617E8E30} = {6AE59088-F6D9-4C32-BCAC-79E3218F52F1}
		{A20BE03E-5143-4D31-B070-DB66FA048B5B} = {B909788E-39FF-4763-915E-95AF8E869078}
		{14C9D9C4-8681-42C7-9DF9-9984CD7011EA} = {B909788E-39FF-4763-915E-95AF8E869078}
		{C992B272-AF83-41EA-8AF2-8BBED7F65F8E} = {B909788E-39FF-4763-915E-95AF8E869078}
		{D1A56D3B-8500-4293-AC1B-A18FF31D7F76} = {B909788E-39FF-4763-915E-95AF8E869078}
		{6254ABD2-FDF6-427C-8AD5-ABC08AC30F3F} = {B909788E-39FF-4763-915E-95AF8E869078}
		{57B8D751-AA50-4D1B-A785-444162F319B2} = {B909788E-39FF-4763-915E-95AF8E869078}
		{FC630C0C-7D97-45F9-811E-B4EBBD237BF7} = {B909788E-39FF-4763-915E-95AF8E869078}
		{BBF1F5FA-D934-47F0-85C6-B496B4964C9B} = {B909788E-39FF-4763-915E-95AF8E869078}
		{0013305D-FDC3-45BD-9AB1-DC90FB173E35} = {B909788E-39FF-4763-915E-95AF8E869078}
		{7DCCC204-ABB8-44B5-871B-88541AA2969C} = {B909788E-39FF-4763-915E-95AF8E869078}
		{F5031733-D84C-45B5-A2FB-7F9134D0EC4E} = {3DC568BA-A74A-4D4D-89DE-0844F15E1B28}
		{76DEDA96-5350-4870-BA98-EDCB8D61B503} = {3DC568BA-A74A-4D4D-89DE-0844F15E1B28}
		{3AA34354-7D39-4658-8692-20800615CAEE} = {3DC568BA-A74A-4D4D-89DE-0844F15E1B28}
		{ED845418-B94C-43A5-84C7-F8E6951C1351} = {3DC568BA-A74A-4D4D-89DE-0844F15E1B28}
		{C586AFE1-A857-4F01-9F0D-CA48961C849B} = {3DC568BA-A74A-4D4D-89DE-0844F15E1B28}
		{0CA87E16-2FAB-4DD0-BD5E-86B5F7E92B64} = {3DC568BA-A74A-4D4D-89DE-0844F15E1B28}
		{46353124-052E-4574-976A-E2FA1441835F} = {3DC568BA-A74A-4D4D-89DE-0844F15E1B28}
		{D9CA157F-259A-4239-885F-C18ED0D027FD} = {3DC568BA-A74A-4D4D-89DE-0844F15E1B28}
		{38A86B8B-D465-4FC2-9AC4-C257EB21D519} = {3DC568BA-A74A-4D4D-89DE-0844F15E1B28}
		{D1FC8635-137B-4DE9-BE3A-17BE8A954565} = {3DC568BA-A74A-4D4D-89DE-0844F15E1B28}
		{63411AA9-1D7A-4718-8882-FE7ACEF330F4} = {DA598435-16B6-47FC-9EED-FE711C431D58}
		{0C8D9DF4-5D58-4EC0-9B89-D1E26FA78396} = {DA598435-16B6-47FC-9EED-FE711C431D58}
		{4BE09FB5-2F45-4121-9F07-36E40D5C54B0} = {DA598435-16B6-47FC-9EED-FE711C431D58}
		{E3A0462E-2F54-4EA2-9726-F69873BF9046} = {DA598435-16B6-47FC-9EED-FE711C431D58}
	EndGlobalSection
EndGlobal
